
Microsoft Visual Studio Solution File, Format Version 12.00
# Visual Studio Version 17
VisualStudioVersion = 17.12.35527.113
MinimumVisualStudioVersion = 10.0.40219.1
Project("{FAE04EC0-301F-11D3-BF4B-00C04F79EFBC}") = "Restaurants.API", "Restaurants\Restaurants.API.csproj", "{829F3E5C-5F01-4ACA-B05F-696244757B45}"
EndProject
Project("{FAE04EC0-301F-11D3-BF4B-00C04F79EFBC}") = "Restaurants.Domain", "Restaurants.Domain\Restaurants.Domain.csproj", "{9E1FA39F-B2B1-4DCB-8987-FFC1138AA2E0}"
EndProject
Project("{FAE04EC0-301F-11D3-BF4B-00C04F79EFBC}") = "Restaurants.Application", "Restaurants.Application\Restaurants.Application.csproj", "{A13ECF4D-F938-458A-A4C4-4CF5DFA0BD59}"
EndProject
Project("{FAE04EC0-301F-11D3-BF4B-00C04F79EFBC}") = "Restaurants.Infrastructure", "Restaurants.Infrastructure\Restaurants.Infrastructure.csproj", "{ACCD0250-B0C3-4670-B1CB-D2FBD9F9FA0B}"
EndProject
Project("{FAE04EC0-301F-11D3-BF4B-00C04F79EFBC}") = "Restaurants.Application.Tests", "Restaurants.Application.Tests\Restaurants.Application.Tests.csproj", "{960F834D-222A-4A1E-A965-C7886A3CFCDD}"
EndProject
Project("{FAE04EC0-301F-11D3-BF4B-00C04F79EFBC}") = "Restaurants.Infrastructure.Tests", "Restaurants.Infrastructure.Tests\Restaurants.Infrastructure.Tests.csproj", "{45F371C8-348D-4AF3-B524-A67540C104D4}"
EndProject
Project("{FAE04EC0-301F-11D3-BF4B-00C04F79EFBC}") = "Restaurants.API.Tests", "Restaurants.API.Tests\Restaurants.API.Tests.csproj", "{80A9AE45-237E-4420-BFFA-90D9E9509084}"
EndProject
Global
	GlobalSection(SolutionConfigurationPlatforms) = preSolution
		Debug|Any CPU = Debug|Any CPU
		Release|Any CPU = Release|Any CPU
	EndGlobalSection
	GlobalSection(ProjectConfigurationPlatforms) = postSolution
		{829F3E5C-5F01-4ACA-B05F-696244757B45}.Debug|Any CPU.ActiveCfg = Debug|Any CPU
		{829F3E5C-5F01-4ACA-B05F-696244757B45}.Debug|Any CPU.Build.0 = Debug|Any CPU
		{829F3E5C-5F01-4ACA-B05F-696244757B45}.Release|Any CPU.ActiveCfg = Release|Any CPU
		{829F3E5C-5F01-4ACA-B05F-696244757B45}.Release|Any CPU.Build.0 = Release|Any CPU
		{9E1FA39F-B2B1-4DCB-8987-FFC1138AA2E0}.Debug|Any CPU.ActiveCfg = Debug|Any CPU
		{9E1FA39F-B2B1-4DCB-8987-FFC1138AA2E0}.Debug|Any CPU.Build.0 = Debug|Any CPU
		{9E1FA39F-B2B1-4DCB-8987-FFC1138AA2E0}.Release|Any CPU.ActiveCfg = Release|Any CPU
		{9E1FA39F-B2B1-4DCB-8987-FFC1138AA2E0}.Release|Any CPU.Build.0 = Release|Any CPU
		{A13ECF4D-F938-458A-A4C4-4CF5DFA0BD59}.Debug|Any CPU.ActiveCfg = Debug|Any CPU
		{A13ECF4D-F938-458A-A4C4-4CF5DFA0BD59}.Debug|Any CPU.Build.0 = Debug|Any CPU
		{A13ECF4D-F938-458A-A4C4-4CF5DFA0BD59}.Release|Any CPU.ActiveCfg = Release|Any CPU
		{A13ECF4D-F938-458A-A4C4-4CF5DFA0BD59}.Release|Any CPU.Build.0 = Release|Any CPU
		{ACCD0250-B0C3-4670-B1CB-D2FBD9F9FA0B}.Debug|Any CPU.ActiveCfg = Debug|Any CPU
		{ACCD0250-B0C3-4670-B1CB-D2FBD9F9FA0B}.Debug|Any CPU.Build.0 = Debug|Any CPU
		{ACCD0250-B0C3-4670-B1CB-D2FBD9F9FA0B}.Release|Any CPU.ActiveCfg = Release|Any CPU
		{ACCD0250-B0C3-4670-B1CB-D2FBD9F9FA0B}.Release|Any CPU.Build.0 = Release|Any CPU
		{960F834D-222A-4A1E-A965-C7886A3CFCDD}.Debug|Any CPU.ActiveCfg = Debug|Any CPU
		{960F834D-222A-4A1E-A965-C7886A3CFCDD}.Debug|Any CPU.Build.0 = Debug|Any CPU
		{960F834D-222A-4A1E-A965-C7886A3CFCDD}.Release|Any CPU.ActiveCfg = Release|Any CPU
		{960F834D-222A-4A1E-A965-C7886A3CFCDD}.Release|Any CPU.Build.0 = Release|Any CPU
		{45F371C8-348D-4AF3-B524-A67540C104D4}.Debug|Any CPU.ActiveCfg = Debug|Any CPU
		{45F371C8-348D-4AF3-B524-A67540C104D4}.Debug|Any CPU.Build.0 = Debug|Any CPU
		{45F371C8-348D-4AF3-B524-A67540C104D4}.Release|Any CPU.ActiveCfg = Release|Any CPU
		{45F371C8-348D-4AF3-B524-A67540C104D4}.Release|Any CPU.Build.0 = Release|Any CPU
		{80A9AE45-237E-4420-BFFA-90D9E9509084}.Debug|Any CPU.ActiveCfg = Debug|Any CPU
		{80A9AE45-237E-4420-BFFA-90D9E9509084}.Debug|Any CPU.Build.0 = Debug|Any CPU
		{80A9AE45-237E-4420-BFFA-90D9E9509084}.Release|Any CPU.ActiveCfg = Release|Any CPU
		{80A9AE45-237E-4420-BFFA-90D9E9509084}.Release|Any CPU.Build.0 = Release|Any CPU
	EndGlobalSection
	GlobalSection(SolutionProperties) = preSolution
		HideSolutionNode = FALSE
	EndGlobalSection
EndGlobal
